
Microsoft Visual Studio Solution File, Format Version 12.00
# Visual Studio Version 17
VisualStudioVersion = 17.5.33627.172
MinimumVisualStudioVersion = 10.0.40219.1
Project("{FAE04EC0-301F-11D3-BF4B-00C04F79EFBC}") = "SecurityQuestions.Console", "SecurityQuestions.Console\SecurityQuestions.Console.csproj", "{4BA3A1AB-A24C-4E8E-86C8-8620ED8C70E4}"
EndProject
Global
	GlobalSection(SolutionConfigurationPlatforms) = preSolution
		Debug|Any CPU = Debug|Any CPU
		Release|Any CPU = Release|Any CPU
	EndGlobalSection
	GlobalSection(ProjectConfigurationPlatforms) = postSolution
		{4BA3A1AB-A24C-4E8E-86C8-8620ED8C70E4}.Debug|Any CPU.ActiveCfg = Debug|Any CPU
		{4BA3A1AB-A24C-4E8E-86C8-8620ED8C70E4}.Debug|Any CPU.Build.0 = Debug|Any CPU
		{4BA3A1AB-A24C-4E8E-86C8-8620ED8C70E4}.Release|Any CPU.ActiveCfg = Release|Any CPU
		{4BA3A1AB-A24C-4E8E-86C8-8620ED8C70E4}.Release|Any CPU.Build.0 = Release|Any CPU
	EndGlobalSection
	GlobalSection(SolutionProperties) = preSolution
		HideSolutionNode = FALSE
	EndGlobalSection
	GlobalSection(ExtensibilityGlobals) = postSolution
		SolutionGuid = {81B0A27A-E1DD-4FF2-AC30-A178E4A7B9E6}
	EndGlobalSection
EndGlobal
